
Microsoft Visual Studio Solution File, Format Version 12.00
# Visual Studio 15
VisualStudioVersion = 15.0.28010.2036
MinimumVisualStudioVersion = 10.0.40219.1
Project("{FAE04EC0-301F-11D3-BF4B-00C04F79EFBC}") = "ManGa_Manager", "ManGa_Manager\ManGa_Manager.csproj", "{F75986DE-CBDF-4385-AD6E-568194AA46CE}"
EndProject
Global
	GlobalSection(SolutionConfigurationPlatforms) = preSolution
		Debug|Any CPU = Debug|Any CPU
		Release|Any CPU = Release|Any CPU
	EndGlobalSection
	GlobalSection(ProjectConfigurationPlatforms) = postSolution
		{F75986DE-CBDF-4385-AD6E-568194AA46CE}.Debug|Any CPU.ActiveCfg = Debug|Any CPU
		{F75986DE-CBDF-4385-AD6E-568194AA46CE}.Debug|Any CPU.Build.0 = Debug|Any CPU
		{F75986DE-CBDF-4385-AD6E-568194AA46CE}.Release|Any CPU.ActiveCfg = Release|Any CPU
		{F75986DE-CBDF-4385-AD6E-568194AA46CE}.Release|Any CPU.Build.0 = Release|Any CPU
	EndGlobalSection
	GlobalSection(SolutionProperties) = preSolution
		HideSolutionNode = FALSE
	EndGlobalSection
	GlobalSection(ExtensibilityGlobals) = postSolution
		SolutionGuid = {5A10AC10-F598-4788-8750-719A39E9D7CE}
	EndGlobalSection
EndGlobal
